
Microsoft Visual Studio Solution File, Format Version 12.00
# Visual Studio Version 17
VisualStudioVersion = 17.7.34024.191
MinimumVisualStudioVersion = 10.0.40219.1
Project("{FAE04EC0-301F-11D3-BF4B-00C04F79EFBC}") = "Pantalla Maestra", "Pantalla Maestra.csproj", "{18DDE9A5-7481-410D-BC02-F83A2D990D10}"
EndProject
Global
	GlobalSection(SolutionConfigurationPlatforms) = preSolution
		Debug|Any CPU = Debug|Any CPU
		Release|Any CPU = Release|Any CPU
	EndGlobalSection
	GlobalSection(ProjectConfigurationPlatforms) = postSolution
		{18DDE9A5-7481-410D-BC02-F83A2D990D10}.Debug|Any CPU.ActiveCfg = Debug|Any CPU
		{18DDE9A5-7481-410D-BC02-F83A2D990D10}.Debug|Any CPU.Build.0 = Debug|Any CPU
		{18DDE9A5-7481-410D-BC02-F83A2D990D10}.Release|Any CPU.ActiveCfg = Release|Any CPU
		{18DDE9A5-7481-410D-BC02-F83A2D990D10}.Release|Any CPU.Build.0 = Release|Any CPU
	EndGlobalSection
	GlobalSection(SolutionProperties) = preSolution
		HideSolutionNode = FALSE
	EndGlobalSection
	GlobalSection(ExtensibilityGlobals) = postSolution
		SolutionGuid = {03431C39-BFA5-49A0-AF9C-E0C54AECA9F0}
	EndGlobalSection
EndGlobal
